{
  "nodes": {
    "crane": {
      "locked": {
        "lastModified": 1785284101,
        "narHash": "sha256-ghcXEpYEM4a7pbEkoqbn8c0ptJJqgGzuFiG3T6W5g4I=",
        "owner": "ipetkov",
        "repo": "crane",
        "rev": "756d6d07c3818ea95d1e2cdac63fa7d02fe3e61b",
        "type": "github"
      },
      "original": {
        "owner": "ipetkov",
        "repo": "crane",
        "type": "github"
      }
    },
    "flake-utils": {
      "inputs": {
        "systems": "systems"
      },
      "locked": {
        "lastModified": 1731533236,
        "narHash": "sha256-l0KFg5HjrsfsO/JpG+r7fRrqm12kzFHyUHqHCVpMMbI=",
        "owner": "numtide",
        "repo": "flake-utils",
        "rev": "11707dc2f618dd54ca8739b309ec4fc024de578b",
        "type": "github"
      },
      "original": {
        "owner": "numtide",
        "repo": "flake-utils",
        "type": "github"
      }
    },
    "jcode": {
      "inputs": {
        "crane": "crane",
        "flake-utils": "flake-utils",
        "jcode-src": "jcode-src",
        "nixpkgs": "nixpkgs",
        "rust-overlay": "rust-overlay"
      },
      "locked": {
        "lastModified": 1791546292,
        "narHash": "sha256-jPwi2LYuSlU0wC4zn+itqjvFv+eQeLsKUip2aRM/peY=",
        "owner": "grigio",
        "repo": "jcode",
        "rev": "9e706b0f95c5ff7dc7d33b408804f2a837fdde34",
        "type": "github"
      },
      "original": {
        "owner": "grigio",
        "repo": "jcode",
        "type": "github"
      }
    },
    "jcode-src": {
      "flake": false,
      "locked": {
        "lastModified": 1791526369,
        "narHash": "sha256-+MODHBBtBQ84uv9T6D5G5jyvheWiQazRhvo287OvgW4=",
        "owner": "1jehuang",
        "repo": "jcode",
        "rev": "9948f0e8c76a18953f3e2099eb7fcbc05bc23133",
        "type": "github"
      },
      "original": {
        "owner": "1jehuang",
        "ref": "v0.93.0",
        "repo": "jcode",
        "type": "github"
      }
    },
    "nixpkgs": {
      "locked": {
        "lastModified": 1785454630,
        "narHash": "sha256-LQy14TZp77TwbQf40gg1V3jo8FwJG0jGDkAH+zRHqg8=",
        "owner": "NixOS",
        "repo": "nixpkgs",
        "rev": "1559d3daa3ecc813a650b79375ea61b6741b8746",
        "type": "github"
      },
      "original": {
        "owner": "NixOS",
        "ref": "nixos-unstable",
        "repo": "nixpkgs",
        "type": "github"
      }
    },
    "nixpkgs_2": {
      "locked": {
        "lastModified": 1791487292,
        "narHash": "sha256-tqM7xDEsaeK1p6VvRygeZ9LkQRpUUkbRT02BHv6hnTM=",
        "owner": "NixOS",
        "repo": "nixpkgs",
        "rev": "8edc0c72e3a38faf5434e40d1f19431125fe4b30",
        "type": "github"
      },
      "original": {
        "owner": "NixOS",
        "ref": "nixpkgs-unstable",
        "repo": "nixpkgs",
        "type": "github"
      }
    },
    "root": {
      "inputs": {
        "jcode": "jcode",
        "nixpkgs": "nixpkgs_2"
      }
    },
    "rust-overlay": {
      "inputs": {
        "nixpkgs": [
          "jcode",
          "nixpkgs"
        ]
      },
      "locked": {
        "lastModified": 1785476452,
        "narHash": "sha256-/CXwCFPS41rb/JI2VitKCgVK6V5E6/sfw5ke3B9zyVQ=",
        "owner": "oxalica",
        "repo": "rust-overlay",
        "rev": "6ef009bf4c4873cdc1a621826722bdea7c03e62c",
        "type": "github"
      },
      "original": {
        "owner": "oxalica",
        "repo": "rust-overlay",
        "type": "github"
      }
    },
    "systems": {
      "locked": {
        "lastModified": 1681028828,
        "narHash": "sha256-Vy1rq5AaRuLzOxct8nz4T6wlgyUR7zLU309k9mBC768=",
        "owner": "nix-systems",
        "repo": "default",
        "rev": "da67096a3b9bf56a91d16901293e51ba5b49a27e",
        "type": "github"
      },
      "original": {
        "owner": "nix-systems",
        "repo": "default",
        "type": "github"
      }
    }
  },
  "root": "root",
  "version": 7
}
